
Microsoft Visual Studio Solution File, Format Version 12.00
# Visual Studio Version 17
VisualStudioVersion = 17.5.33530.505
MinimumVisualStudioVersion = 10.0.40219.1
Project("{FAE04EC0-301F-11D3-BF4B-00C04F79EFBC}") = "DLtaMail Webapp", "DLtaMail Webapp.csproj", "{BFCBE362-EB37-4C42-9D82-14602AD1E8F8}"
EndProject
Global
	GlobalSection(SolutionConfigurationPlatforms) = preSolution
		Debug|Any CPU = Debug|Any CPU
		Release|Any CPU = Release|Any CPU
	EndGlobalSection
	GlobalSection(ProjectConfigurationPlatforms) = postSolution
		{BFCBE362-EB37-4C42-9D82-14602AD1E8F8}.Debug|Any CPU.ActiveCfg = Debug|Any CPU
		{BFCBE362-EB37-4C42-9D82-14602AD1E8F8}.Debug|Any CPU.Build.0 = Debug|Any CPU
		{BFCBE362-EB37-4C42-9D82-14602AD1E8F8}.Release|Any CPU.ActiveCfg = Release|Any CPU
		{BFCBE362-EB37-4C42-9D82-14602AD1E8F8}.Release|Any CPU.Build.0 = Release|Any CPU
	EndGlobalSection
	GlobalSection(SolutionProperties) = preSolution
		HideSolutionNode = FALSE
	EndGlobalSection
	GlobalSection(ExtensibilityGlobals) = postSolution
		SolutionGuid = {754DCA92-E0E5-40D4-9D56-87C25986E414}
	EndGlobalSection
EndGlobal
